
Microsoft Visual Studio Solution File, Format Version 12.00
# Visual Studio Version 17
VisualStudioVersion = 17.5.002.0
MinimumVisualStudioVersion = 10.0.40219.1
Project("{9A19103F-16F7-4668-BE54-9A1E7A4F7556}") = "GestorHotel", "GestorHotel.csproj", "{A75462EF-C9B3-41AB-8C13-ED98AD4C63CE}"
EndProject
Global
	GlobalSection(SolutionConfigurationPlatforms) = preSolution
		Debug|Any CPU = Debug|Any CPU
		Release|Any CPU = Release|Any CPU
	EndGlobalSection
	GlobalSection(ProjectConfigurationPlatforms) = postSolution
		{A75462EF-C9B3-41AB-8C13-ED98AD4C63CE}.Debug|Any CPU.ActiveCfg = Debug|Any CPU
		{A75462EF-C9B3-41AB-8C13-ED98AD4C63CE}.Debug|Any CPU.Build.0 = Debug|Any CPU
		{A75462EF-C9B3-41AB-8C13-ED98AD4C63CE}.Release|Any CPU.ActiveCfg = Release|Any CPU
		{A75462EF-C9B3-41AB-8C13-ED98AD4C63CE}.Release|Any CPU.Build.0 = Release|Any CPU
	EndGlobalSection
	GlobalSection(SolutionProperties) = preSolution
		HideSolutionNode = FALSE
	EndGlobalSection
	GlobalSection(ExtensibilityGlobals) = postSolution
		SolutionGuid = {70061633-93E5-4022-82A3-A8F79B87A384}
	EndGlobalSection
EndGlobal
